
Microsoft Visual Studio Solution File, Format Version 12.00
# Visual Studio Version 17
VisualStudioVersion = 17.11.35312.102
MinimumVisualStudioVersion = 10.0.40219.1
Project("{9A19103F-16F7-4668-BE54-9A1E7A4F7556}") = "Zurex", "Zurex.csproj", "{BCBE7B7B-3BD6-4910-B92B-592ED356D77C}"
EndProject
Global
	GlobalSection(SolutionConfigurationPlatforms) = preSolution
		Debug|Any CPU = Debug|Any CPU
		Release|Any CPU = Release|Any CPU
	EndGlobalSection
	GlobalSection(ProjectConfigurationPlatforms) = postSolution
		{BCBE7B7B-3BD6-4910-B92B-592ED356D77C}.Debug|Any CPU.ActiveCfg = Debug|Any CPU
		{BCBE7B7B-3BD6-4910-B92B-592ED356D77C}.Debug|Any CPU.Build.0 = Debug|Any CPU
		{BCBE7B7B-3BD6-4910-B92B-592ED356D77C}.Release|Any CPU.ActiveCfg = Release|Any CPU
		{BCBE7B7B-3BD6-4910-B92B-592ED356D77C}.Release|Any CPU.Build.0 = Release|Any CPU
	EndGlobalSection
	GlobalSection(SolutionProperties) = preSolution
		HideSolutionNode = FALSE
	EndGlobalSection
	GlobalSection(ExtensibilityGlobals) = postSolution
		SolutionGuid = {A2319BD3-49AF-48C6-8768-B1449B04C229}
	EndGlobalSection
EndGlobal
